
Microsoft Visual Studio Solution File, Format Version 12.00
Project("{FAE04EC0-301F-11D3-BF4B-00C04F79EFBC}") = "WeatherForecast.Api", "WeatherForecast.Api\WeatherForecast.Api.csproj", "{6CCAC27B-B62A-4AAF-A1E5-A07BD57D336C}"
EndProject
Project("{FAE04EC0-301F-11D3-BF4B-00C04F79EFBC}") = "WeatherForecast.Data", "WeatherForecast.Data\WeatherForecast.Data.csproj", "{DD23BC7B-11BF-45BE-8EA8-F6D86DBA718D}"
EndProject
Project("{FAE04EC0-301F-11D3-BF4B-00C04F79EFBC}") = "WeatherForecast.Infrastructure", "WeatherForecast.Infrastructure\WeatherForecast.Infrastructure.csproj", "{45EFD838-4A69-4F96-9F3D-C90F91C8BD31}"
EndProject
Project("{FAE04EC0-301F-11D3-BF4B-00C04F79EFBC}") = "WeatherForecast.Core", "WeatherForecast.Core\WeatherForecast.Core.csproj", "{DE044C4F-FA2B-4E66-BF7C-66A825BC9ACC}"
EndProject
Project("{FAE04EC0-301F-11D3-BF4B-00C04F79EFBC}") = "WeatherForecast.Tests", "WeatherForecast.Tests\WeatherForecast.Tests.csproj", "{3ED0CCDE-019B-42CB-B94A-3812DBBCCC7F}"
EndProject
Project("{2150E333-8FDC-42A3-9474-1A3956D46DE8}") = "tests", "tests", "{8AC7D4FA-AB18-4779-ABFD-03BE2C7EBC80}"
EndProject
Project("{2150E333-8FDC-42A3-9474-1A3956D46DE8}") = "src", "src", "{04256EBD-B2AA-469B-8687-DBDAC1C14554}"
EndProject
Global
	GlobalSection(SolutionConfigurationPlatforms) = preSolution
		Debug|Any CPU = Debug|Any CPU
		Release|Any CPU = Release|Any CPU
	EndGlobalSection
	GlobalSection(ProjectConfigurationPlatforms) = postSolution
		{6CCAC27B-B62A-4AAF-A1E5-A07BD57D336C}.Debug|Any CPU.ActiveCfg = Debug|Any CPU
		{6CCAC27B-B62A-4AAF-A1E5-A07BD57D336C}.Debug|Any CPU.Build.0 = Debug|Any CPU
		{6CCAC27B-B62A-4AAF-A1E5-A07BD57D336C}.Release|Any CPU.ActiveCfg = Release|Any CPU
		{6CCAC27B-B62A-4AAF-A1E5-A07BD57D336C}.Release|Any CPU.Build.0 = Release|Any CPU
		{DD23BC7B-11BF-45BE-8EA8-F6D86DBA718D}.Debug|Any CPU.ActiveCfg = Debug|Any CPU
		{DD23BC7B-11BF-45BE-8EA8-F6D86DBA718D}.Debug|Any CPU.Build.0 = Debug|Any CPU
		{DD23BC7B-11BF-45BE-8EA8-F6D86DBA718D}.Release|Any CPU.ActiveCfg = Release|Any CPU
		{DD23BC7B-11BF-45BE-8EA8-F6D86DBA718D}.Release|Any CPU.Build.0 = Release|Any CPU
		{45EFD838-4A69-4F96-9F3D-C90F91C8BD31}.Debug|Any CPU.ActiveCfg = Debug|Any CPU
		{45EFD838-4A69-4F96-9F3D-C90F91C8BD31}.Debug|Any CPU.Build.0 = Debug|Any CPU
		{45EFD838-4A69-4F96-9F3D-C90F91C8BD31}.Release|Any CPU.ActiveCfg = Release|Any CPU
		{45EFD838-4A69-4F96-9F3D-C90F91C8BD31}.Release|Any CPU.Build.0 = Release|Any CPU
		{DE044C4F-FA2B-4E66-BF7C-66A825BC9ACC}.Debug|Any CPU.ActiveCfg = Debug|Any CPU
		{DE044C4F-FA2B-4E66-BF7C-66A825BC9ACC}.Debug|Any CPU.Build.0 = Debug|Any CPU
		{DE044C4F-FA2B-4E66-BF7C-66A825BC9ACC}.Release|Any CPU.ActiveCfg = Release|Any CPU
		{DE044C4F-FA2B-4E66-BF7C-66A825BC9ACC}.Release|Any CPU.Build.0 = Release|Any CPU
		{3ED0CCDE-019B-42CB-B94A-3812DBBCCC7F}.Debug|Any CPU.ActiveCfg = Debug|Any CPU
		{3ED0CCDE-019B-42CB-B94A-3812DBBCCC7F}.Debug|Any CPU.Build.0 = Debug|Any CPU
		{3ED0CCDE-019B-42CB-B94A-3812DBBCCC7F}.Release|Any CPU.ActiveCfg = Release|Any CPU
		{3ED0CCDE-019B-42CB-B94A-3812DBBCCC7F}.Release|Any CPU.Build.0 = Release|Any CPU
	EndGlobalSection
	GlobalSection(NestedProjects) = preSolution
		{3ED0CCDE-019B-42CB-B94A-3812DBBCCC7F} = {8AC7D4FA-AB18-4779-ABFD-03BE2C7EBC80}
		{45EFD838-4A69-4F96-9F3D-C90F91C8BD31} = {04256EBD-B2AA-469B-8687-DBDAC1C14554}
		{DD23BC7B-11BF-45BE-8EA8-F6D86DBA718D} = {04256EBD-B2AA-469B-8687-DBDAC1C14554}
		{DE044C4F-FA2B-4E66-BF7C-66A825BC9ACC} = {04256EBD-B2AA-469B-8687-DBDAC1C14554}
		{6CCAC27B-B62A-4AAF-A1E5-A07BD57D336C} = {04256EBD-B2AA-469B-8687-DBDAC1C14554}
	EndGlobalSection
EndGlobal
